
Microsoft Visual Studio Solution File, Format Version 12.00
# Visual Studio Version 17
VisualStudioVersion = 17.14.36811.4 d17.14
MinimumVisualStudioVersion = 10.0.40219.1
Project("{FAE04EC0-301F-11D3-BF4B-00C04F79EFBC}") = "VehicleSmartBooking", "VehicleSmartBooking\VehicleSmartBooking.csproj", "{99968D3F-4F5F-45EE-AA22-12844308F63C}"
EndProject
Global
	GlobalSection(SolutionConfigurationPlatforms) = preSolution
		Debug|Any CPU = Debug|Any CPU
		Release|Any CPU = Release|Any CPU
	EndGlobalSection
	GlobalSection(ProjectConfigurationPlatforms) = postSolution
		{99968D3F-4F5F-45EE-AA22-12844308F63C}.Debug|Any CPU.ActiveCfg = Debug|Any CPU
		{99968D3F-4F5F-45EE-AA22-12844308F63C}.Debug|Any CPU.Build.0 = Debug|Any CPU
		{99968D3F-4F5F-45EE-AA22-12844308F63C}.Release|Any CPU.ActiveCfg = Release|Any CPU
		{99968D3F-4F5F-45EE-AA22-12844308F63C}.Release|Any CPU.Build.0 = Release|Any CPU
	EndGlobalSection
	GlobalSection(SolutionProperties) = preSolution
		HideSolutionNode = FALSE
	EndGlobalSection
	GlobalSection(ExtensibilityGlobals) = postSolution
		SolutionGuid = {6FECF7AC-5450-4DED-8C11-C6CC38965DB2}
	EndGlobalSection
EndGlobal
